
Microsoft Visual Studio Solution File, Format Version 12.00
# Visual Studio Version 17
VisualStudioVersion = 17.4.33213.308
MinimumVisualStudioVersion = 10.0.40219.1
Project("{FAE04EC0-301F-11D3-BF4B-00C04F79EFBC}") = "Columbus.Welkom.Client", "Columbus.Welkom.Client\Columbus.Welkom.Client.csproj", "{B2B629C4-5DF0-4CA3-A5FE-3F4363746C7B}"
EndProject
Project("{FAE04EC0-301F-11D3-BF4B-00C04F79EFBC}") = "Columbus.Welkom.Application", "Columbus.Welkom.Application\Columbus.Welkom.Application.csproj", "{78E11E7E-53DA-4E7A-AED3-69EE4FEEFDD7}"
EndProject
Project("{FAE04EC0-301F-11D3-BF4B-00C04F79EFBC}") = "Columbus.Welkom.Client.Components", "Columbus.Welkom.Client.Components\Columbus.Welkom.Client.Components.csproj", "{EAEF6AFF-F52D-EB14-5E8C-B90566AC0BCF}"
EndProject
Global
	GlobalSection(SolutionConfigurationPlatforms) = preSolution
		Debug|Any CPU = Debug|Any CPU
		Release|Any CPU = Release|Any CPU
	EndGlobalSection
	GlobalSection(ProjectConfigurationPlatforms) = postSolution
		{B2B629C4-5DF0-4CA3-A5FE-3F4363746C7B}.Debug|Any CPU.ActiveCfg = Debug|Any CPU
		{B2B629C4-5DF0-4CA3-A5FE-3F4363746C7B}.Debug|Any CPU.Build.0 = Debug|Any CPU
		{B2B629C4-5DF0-4CA3-A5FE-3F4363746C7B}.Debug|Any CPU.Deploy.0 = Debug|Any CPU
		{B2B629C4-5DF0-4CA3-A5FE-3F4363746C7B}.Release|Any CPU.ActiveCfg = Release|Any CPU
		{B2B629C4-5DF0-4CA3-A5FE-3F4363746C7B}.Release|Any CPU.Build.0 = Release|Any CPU
		{B2B629C4-5DF0-4CA3-A5FE-3F4363746C7B}.Release|Any CPU.Deploy.0 = Release|Any CPU
		{78E11E7E-53DA-4E7A-AED3-69EE4FEEFDD7}.Debug|Any CPU.ActiveCfg = Debug|Any CPU
		{78E11E7E-53DA-4E7A-AED3-69EE4FEEFDD7}.Debug|Any CPU.Build.0 = Debug|Any CPU
		{78E11E7E-53DA-4E7A-AED3-69EE4FEEFDD7}.Release|Any CPU.ActiveCfg = Release|Any CPU
		{78E11E7E-53DA-4E7A-AED3-69EE4FEEFDD7}.Release|Any CPU.Build.0 = Release|Any CPU
		{EAEF6AFF-F52D-EB14-5E8C-B90566AC0BCF}.Debug|Any CPU.ActiveCfg = Debug|Any CPU
		{EAEF6AFF-F52D-EB14-5E8C-B90566AC0BCF}.Debug|Any CPU.Build.0 = Debug|Any CPU
		{EAEF6AFF-F52D-EB14-5E8C-B90566AC0BCF}.Release|Any CPU.ActiveCfg = Release|Any CPU
		{EAEF6AFF-F52D-EB14-5E8C-B90566AC0BCF}.Release|Any CPU.Build.0 = Release|Any CPU
	EndGlobalSection
	GlobalSection(SolutionProperties) = preSolution
		HideSolutionNode = FALSE
	EndGlobalSection
	GlobalSection(ExtensibilityGlobals) = postSolution
		SolutionGuid = {D4BC4212-C5C7-46FA-8F35-53C9D828F48C}
	EndGlobalSection
EndGlobal
